// !$*UTF8*$!
{
	archiveVersion = 1;
	classes = {
	};
	objectVersion = 48;
	objects = {

/* Begin PBXBuildFile section */
		142344CF20794F39000718AB /* Label.swift in Sources */ = {isa = PBXBuildFile; fileRef = 142344B420794F38000718AB /* Label.swift */; };
		142344D020794F39000718AB /* SegmentedControl.swift in Sources */ = {isa = PBXBuildFile; fileRef = 142344B520794F38000718AB /* SegmentedControl.swift */; };
		142344D120794F39000718AB /* GradientSlider.swift in Sources */ = {isa = PBXBuildFile; fileRef = 142344B620794F38000718AB /* GradientSlider.swift */; };
		142344D220794F39000718AB /* TextField.swift in Sources */ = {isa = PBXBuildFile; fileRef = 142344B720794F38000718AB /* TextField.swift */; };
		142344D320794F39000718AB /* Countries.bundle in Resources */ = {isa = PBXBuildFile; fileRef = 142344B920794F39000718AB /* Countries.bundle */; };
		142344D420794F39000718AB /* DatePickerViewController.swift in Sources */ = {isa = PBXBuildFile; fileRef = 142344BA20794F39000718AB /* DatePickerViewController.swift */; };
		142344D520794F39000718AB /* ImagePickerViewController.swift in Sources */ = {isa = PBXBuildFile; fileRef = 142344BB20794F39000718AB /* ImagePickerViewController.swift */; };
		142344D620794F39000718AB /* PickerViewViewController.swift in Sources */ = {isa = PBXBuildFile; fileRef = 142344BC20794F39000718AB /* PickerViewViewController.swift */; };
		142344D720794F39000718AB /* LocalePickerViewController.swift in Sources */ = {isa = PBXBuildFile; fileRef = 142344BD20794F39000718AB /* LocalePickerViewController.swift */; };
		142344D820794F39000718AB /* TwoTextFieldsViewController.swift in Sources */ = {isa = PBXBuildFile; fileRef = 142344BE20794F39000718AB /* TwoTextFieldsViewController.swift */; };
		142344D920794F39000718AB /* ColorPickerViewController.swift in Sources */ = {isa = PBXBuildFile; fileRef = 142344BF20794F39000718AB /* ColorPickerViewController.swift */; };
		142344DA20794F39000718AB /* OneTextFieldViewController.swift in Sources */ = {isa = PBXBuildFile; fileRef = 142344C020794F39000718AB /* OneTextFieldViewController.swift */; };
		142344DB20794F39000718AB /* Array+Extensions.swift in Sources */ = {isa = PBXBuildFile; fileRef = 142344C220794F39000718AB /* Array+Extensions.swift */; };
		142344DC20794F39000718AB /* UISegmentedControl+Extensions.swift in Sources */ = {isa = PBXBuildFile; fileRef = 142344C320794F39000718AB /* UISegmentedControl+Extensions.swift */; };
		142344DD20794F39000718AB /* UIView+Extensions.swift in Sources */ = {isa = PBXBuildFile; fileRef = 142344C420794F39000718AB /* UIView+Extensions.swift */; };
		142344DE20794F39000718AB /* Date+Extension.swift in Sources */ = {isa = PBXBuildFile; fileRef = 142344C520794F39000718AB /* Date+Extension.swift */; };
		142344DF20794F39000718AB /* String+Extensions.swift in Sources */ = {isa = PBXBuildFile; fileRef = 142344C620794F39000718AB /* String+Extensions.swift */; };
		142344E020794F39000718AB /* UITextView+Extensions.swift in Sources */ = {isa = PBXBuildFile; fileRef = 142344C720794F39000718AB /* UITextView+Extensions.swift */; };
		142344E120794F39000718AB /* UIColor+Extensions.swift in Sources */ = {isa = PBXBuildFile; fileRef = 142344C820794F39000718AB /* UIColor+Extensions.swift */; };
		142344E220794F39000718AB /* UIImage+Extensions.swift in Sources */ = {isa = PBXBuildFile; fileRef = 142344C920794F39000718AB /* UIImage+Extensions.swift */; };
		142344E320794F39000718AB /* UIAlertController+Extensions.swift in Sources */ = {isa = PBXBuildFile; fileRef = 142344CA20794F39000718AB /* UIAlertController+Extensions.swift */; };
		142344E420794F39000718AB /* Optional+Extensions.swift in Sources */ = {isa = PBXBuildFile; fileRef = 142344CB20794F39000718AB /* Optional+Extensions.swift */; };
		142344E520794F39000718AB /* Common+Extensions.swift in Sources */ = {isa = PBXBuildFile; fileRef = 142344CC20794F39000718AB /* Common+Extensions.swift */; };
		142344E620794F39000718AB /* Locale+Extensions.swift in Sources */ = {isa = PBXBuildFile; fileRef = 142344CD20794F39000718AB /* Locale+Extensions.swift */; };
		142344E720794F39000718AB /* UITextField+Extensions.swift in Sources */ = {isa = PBXBuildFile; fileRef = 142344CE20794F39000718AB /* UITextField+Extensions.swift */; };
		1437C09B207509F500FCA384 /* AppDelegate.swift in Sources */ = {isa = PBXBuildFile; fileRef = 1437C09A207509F500FCA384 /* AppDelegate.swift */; };
		1437C09D207509F500FCA384 /* ViewController.swift in Sources */ = {isa = PBXBuildFile; fileRef = 1437C09C207509F500FCA384 /* ViewController.swift */; };
		1437C0A0207509F500FCA384 /* Main.storyboard in Resources */ = {isa = PBXBuildFile; fileRef = 1437C09E207509F500FCA384 /* Main.storyboard */; };
		1437C0A2207509F500FCA384 /* Assets.xcassets in Resources */ = {isa = PBXBuildFile; fileRef = 1437C0A1207509F500FCA384 /* Assets.xcassets */; };
		1437C0A5207509F500FCA384 /* LaunchScreen.storyboard in Resources */ = {isa = PBXBuildFile; fileRef = 1437C0A3207509F500FCA384 /* LaunchScreen.storyboard */; };
		1437C0AD20750A2E00FCA384 /* Info.plist in Resources */ = {isa = PBXBuildFile; fileRef = 1437C0AC20750A2E00FCA384 /* Info.plist */; };
		1437C0AF20750A3700FCA384 /* Constants.swift in Sources */ = {isa = PBXBuildFile; fileRef = 1437C0AE20750A3700FCA384 /* Constants.swift */; };
		1437C0B820750A4A00FCA384 /* ApiManager.swift in Sources */ = {isa = PBXBuildFile; fileRef = 1437C0B220750A4A00FCA384 /* ApiManager.swift */; };
		1437C0B920750A4A00FCA384 /* DataStore.swift in Sources */ = {isa = PBXBuildFile; fileRef = 1437C0B320750A4A00FCA384 /* DataStore.swift */; };
		1437C0BC20750A4A00FCA384 /* Actions.swift in Sources */ = {isa = PBXBuildFile; fileRef = 1437C0B620750A4A00FCA384 /* Actions.swift */; };
		1437C0F420750A4F00FCA384 /* UIScrollView.swift in Sources */ = {isa = PBXBuildFile; fileRef = 1437C0BF20750A4F00FCA384 /* UIScrollView.swift */; };
		1437C0F520750A4F00FCA384 /* XUIView.swift in Sources */ = {isa = PBXBuildFile; fileRef = 1437C0C020750A4F00FCA384 /* XUIView.swift */; };
		1437C0F620750A4F00FCA384 /* UIView.swift in Sources */ = {isa = PBXBuildFile; fileRef = 1437C0C120750A4F00FCA384 /* UIView.swift */; };
		1437C0F720750A4F00FCA384 /* XUILabel.swift in Sources */ = {isa = PBXBuildFile; fileRef = 1437C0C220750A4F00FCA384 /* XUILabel.swift */; };
		1437C0F820750A4F00FCA384 /* Collection.swift in Sources */ = {isa = PBXBuildFile; fileRef = 1437C0C320750A4F00FCA384 /* Collection.swift */; };
		1437C0F920750A4F00FCA384 /* NSlayoutConstraint.swift in Sources */ = {isa = PBXBuildFile; fileRef = 1437C0C420750A4F00FCA384 /* NSlayoutConstraint.swift */; };
		1437C0FA20750A4F00FCA384 /* UIColor.swift in Sources */ = {isa = PBXBuildFile; fileRef = 1437C0C520750A4F00FCA384 /* UIColor.swift */; };
		1437C0FB20750A4F00FCA384 /* GradiantView.swift in Sources */ = {isa = PBXBuildFile; fileRef = 1437C0C620750A4F00FCA384 /* GradiantView.swift */; };
		1437C0FC20750A4F00FCA384 /* XUIButton.swift in Sources */ = {isa = PBXBuildFile; fileRef = 1437C0C720750A4F00FCA384 /* XUIButton.swift */; };
		1437C0FD20750A4F00FCA384 /* UIView2.swift in Sources */ = {isa = PBXBuildFile; fileRef = 1437C0C820750A4F00FCA384 /* UIView2.swift */; };
		1437C0FE20750A4F00FCA384 /* UIImageViewWithMask.swift in Sources */ = {isa = PBXBuildFile; fileRef = 1437C0C920750A4F00FCA384 /* UIImageViewWithMask.swift */; };
		1437C0FF20750A5000FCA384 /* XUITextField.swift in Sources */ = {isa = PBXBuildFile; fileRef = 1437C0CA20750A4F00FCA384 /* XUITextField.swift */; };
		1437C10020750A5000FCA384 /* UITextField.swift in Sources */ = {isa = PBXBuildFile; fileRef = 1437C0CB20750A4F00FCA384 /* UITextField.swift */; };
		1437C10120750A5000FCA384 /* UITabBarItem.swift in Sources */ = {isa = PBXBuildFile; fileRef = 1437C0CC20750A4F00FCA384 /* UITabBarItem.swift */; };
		1437C10220750A5000FCA384 /* String.swift in Sources */ = {isa = PBXBuildFile; fileRef = 1437C0CD20750A4F00FCA384 /* String.swift */; };
		1437C10320750A5000FCA384 /* UILable.swift in Sources */ = {isa = PBXBuildFile; fileRef = 1437C0CE20750A4F00FCA384 /* UILable.swift */; };
		1437C10420750A5000FCA384 /* UIViewController.swift in Sources */ = {isa = PBXBuildFile; fileRef = 1437C0CF20750A4F00FCA384 /* UIViewController.swift */; };
		1437C10520750A5000FCA384 /* Double.swift in Sources */ = {isa = PBXBuildFile; fileRef = 1437C0D020750A4F00FCA384 /* Double.swift */; };
		1437C10620750A5000FCA384 /* UIApplication.swift in Sources */ = {isa = PBXBuildFile; fileRef = 1437C0D120750A4F00FCA384 /* UIApplication.swift */; };
		1437C10720750A5000FCA384 /* UITextView.swift in Sources */ = {isa = PBXBuildFile; fileRef = 1437C0D220750A4F00FCA384 /* UITextView.swift */; };
		1437C10820750A5000FCA384 /* UIStoryBoard.swift in Sources */ = {isa = PBXBuildFile; fileRef = 1437C0D320750A4F00FCA384 /* UIStoryBoard.swift */; };
		1437C10920750A5000FCA384 /* MKMap.swift in Sources */ = {isa = PBXBuildFile; fileRef = 1437C0D420750A4F00FCA384 /* MKMap.swift */; };
		1437C10A20750A5000FCA384 /* DateHelper.swift in Sources */ = {isa = PBXBuildFile; fileRef = 1437C0D620750A4F00FCA384 /* DateHelper.swift */; };
		1437C12220750A6100FCA384 /* AbstractNibView.swift in Sources */ = {isa = PBXBuildFile; fileRef = 1437C12020750A6100FCA384 /* AbstractNibView.swift */; };
		1437C12320750A6100FCA384 /* AbstractController.swift in Sources */ = {isa = PBXBuildFile; fileRef = 1437C12120750A6100FCA384 /* AbstractController.swift */; };
		1437C15020750C1600FCA384 /* AppUser.swift in Sources */ = {isa = PBXBuildFile; fileRef = 1437C12F20750C1600FCA384 /* AppUser.swift */; };
		1437C15A20750C1600FCA384 /* BaseModel.swift in Sources */ = {isa = PBXBuildFile; fileRef = 1437C13920750C1600FCA384 /* BaseModel.swift */; };
		1437C16820750E0300FCA384 /* AppColors.swift in Sources */ = {isa = PBXBuildFile; fileRef = 1437C16720750E0300FCA384 /* AppColors.swift */; };
		1437C17020750E1A00FCA384 /* DroidKufiBold.ttf in Resources */ = {isa = PBXBuildFile; fileRef = 1437C16A20750E1A00FCA384 /* DroidKufiBold.ttf */; };
		1437C17120750E1A00FCA384 /* DroidKufiRegular.ttf in Resources */ = {isa = PBXBuildFile; fileRef = 1437C16B20750E1A00FCA384 /* DroidKufiRegular.ttf */; };
		1437C17220750E1A00FCA384 /* OpenSansSemiBold.ttf in Resources */ = {isa = PBXBuildFile; fileRef = 1437C16C20750E1A00FCA384 /* OpenSansSemiBold.ttf */; };
		1437C17320750E1A00FCA384 /* OpenSansBold.ttf in Resources */ = {isa = PBXBuildFile; fileRef = 1437C16D20750E1A00FCA384 /* OpenSansBold.ttf */; };
		1437C17420750E1A00FCA384 /* OpenSansRegular.ttf in Resources */ = {isa = PBXBuildFile; fileRef = 1437C16E20750E1A00FCA384 /* OpenSansRegular.ttf */; };
		1437C17520750E1A00FCA384 /* AppFonts.swift in Sources */ = {isa = PBXBuildFile; fileRef = 1437C16F20750E1A00FCA384 /* AppFonts.swift */; };
		1437C1782075174B00FCA384 /* RecordingViewController.swift in Sources */ = {isa = PBXBuildFile; fileRef = 1437C1772075174B00FCA384 /* RecordingViewController.swift */; };
		1437C1802075282F00FCA384 /* LoginViewController.swift in Sources */ = {isa = PBXBuildFile; fileRef = 1437C17E2075282F00FCA384 /* LoginViewController.swift */; };
		1437C1812075282F00FCA384 /* StartViewController.swift in Sources */ = {isa = PBXBuildFile; fileRef = 1437C17F2075282F00FCA384 /* StartViewController.swift */; };
		149D3ECD20F3ECE6007E2EE9 /* Result.swift in Sources */ = {isa = PBXBuildFile; fileRef = 149D3ECA20F3ECE5007E2EE9 /* Result.swift */; };
		149D3ECE20F3ECE6007E2EE9 /* Commands.swift in Sources */ = {isa = PBXBuildFile; fileRef = 149D3ECB20F3ECE5007E2EE9 /* Commands.swift */; };
		149D3ECF20F3ECE6007E2EE9 /* response.swift in Sources */ = {isa = PBXBuildFile; fileRef = 149D3ECC20F3ECE5007E2EE9 /* response.swift */; };
		14B5E867207D2B6200067ECF /* Languge.swift in Sources */ = {isa = PBXBuildFile; fileRef = 14B5E866207D2B6200067ECF /* Languge.swift */; };
		14B5E869207D330300067ECF /* SettingsViewController.swift in Sources */ = {isa = PBXBuildFile; fileRef = 14B5E868207D330300067ECF /* SettingsViewController.swift */; };
		14B5E86B207DD96900067ECF /* Command.swift in Sources */ = {isa = PBXBuildFile; fileRef = 14B5E86A207DD96900067ECF /* Command.swift */; };
		14B5E86E207E082500067ECF /* CDVSpeechRecognition.swift in Sources */ = {isa = PBXBuildFile; fileRef = 14B5E86C207E082400067ECF /* CDVSpeechRecognition.swift */; };
		14B5E86F207E082500067ECF /* CDVSpeechRecognitionViewController.swift in Sources */ = {isa = PBXBuildFile; fileRef = 14B5E86D207E082500067ECF /* CDVSpeechRecognitionViewController.swift */; };
		14DDDE5E208E1D8400A4A403 /* error.mp3 in Resources */ = {isa = PBXBuildFile; fileRef = 14DDDE5C208E1D8400A4A403 /* error.mp3 */; };
		14DDDE5F208E1D8400A4A403 /* ok.mp3 in Resources */ = {isa = PBXBuildFile; fileRef = 14DDDE5D208E1D8400A4A403 /* ok.mp3 */; };
		14FBEF892093478500ACDE89 /* TestViewController.swift in Sources */ = {isa = PBXBuildFile; fileRef = 14FBEF882093478500ACDE89 /* TestViewController.swift */; };
		7797591FAA9D237F843A2ECA /* Pods_BeeX.framework in Frameworks */ = {isa = PBXBuildFile; fileRef = F042F4F0E5B341DD3A870BB6 /* Pods_BeeX.framework */; };
/* End PBXBuildFile section */

/* Begin PBXFileReference section */
		142344B420794F38000718AB /* Label.swift */ = {isa = PBXFileReference; fileEncoding = 4; lastKnownFileType = sourcecode.swift; path = Label.swift; sourceTree = "<group>"; };
		142344B520794F38000718AB /* SegmentedControl.swift */ = {isa = PBXFileReference; fileEncoding = 4; lastKnownFileType = sourcecode.swift; path = SegmentedControl.swift; sourceTree = "<group>"; };
		142344B620794F38000718AB /* GradientSlider.swift */ = {isa = PBXFileReference; fileEncoding = 4; lastKnownFileType = sourcecode.swift; path = GradientSlider.swift; sourceTree = "<group>"; };
		142344B720794F38000718AB /* TextField.swift */ = {isa = PBXFileReference; fileEncoding = 4; lastKnownFileType = sourcecode.swift; path = TextField.swift; sourceTree = "<group>"; };
		142344B920794F39000718AB /* Countries.bundle */ = {isa = PBXFileReference; lastKnownFileType = "wrapper.plug-in"; path = Countries.bundle; sourceTree = "<group>"; };
		142344BA20794F39000718AB /* DatePickerViewController.swift */ = {isa = PBXFileReference; fileEncoding = 4; lastKnownFileType = sourcecode.swift; path = DatePickerViewController.swift; sourceTree = "<group>"; };
		142344BB20794F39000718AB /* ImagePickerViewController.swift */ = {isa = PBXFileReference; fileEncoding = 4; lastKnownFileType = sourcecode.swift; path = ImagePickerViewController.swift; sourceTree = "<group>"; };
		142344BC20794F39000718AB /* PickerViewViewController.swift */ = {isa = PBXFileReference; fileEncoding = 4; lastKnownFileType = sourcecode.swift; path = PickerViewViewController.swift; sourceTree = "<group>"; };
		142344BD20794F39000718AB /* LocalePickerViewController.swift */ = {isa = PBXFileReference; fileEncoding = 4; lastKnownFileType = sourcecode.swift; path = LocalePickerViewController.swift; sourceTree = "<group>"; };
		142344BE20794F39000718AB /* TwoTextFieldsViewController.swift */ = {isa = PBXFileReference; fileEncoding = 4; lastKnownFileType = sourcecode.swift; path = TwoTextFieldsViewController.swift; sourceTree = "<group>"; };
		142344BF20794F39000718AB /* ColorPickerViewController.swift */ = {isa = PBXFileReference; fileEncoding = 4; lastKnownFileType = sourcecode.swift; path = ColorPickerViewController.swift; sourceTree = "<group>"; };
		142344C020794F39000718AB /* OneTextFieldViewController.swift */ = {isa = PBXFileReference; fileEncoding = 4; lastKnownFileType = sourcecode.swift; path = OneTextFieldViewController.swift; sourceTree = "<group>"; };
		142344C220794F39000718AB /* Array+Extensions.swift */ = {isa = PBXFileReference; fileEncoding = 4; lastKnownFileType = sourcecode.swift; path = "Array+Extensions.swift"; sourceTree = "<group>"; };
		142344C320794F39000718AB /* UISegmentedControl+Extensions.swift */ = {isa = PBXFileReference; fileEncoding = 4; lastKnownFileType = sourcecode.swift; path = "UISegmentedControl+Extensions.swift"; sourceTree = "<group>"; };
		142344C420794F39000718AB /* UIView+Extensions.swift */ = {isa = PBXFileReference; fileEncoding = 4; lastKnownFileType = sourcecode.swift; path = "UIView+Extensions.swift"; sourceTree = "<group>"; };
		142344C520794F39000718AB /* Date+Extension.swift */ = {isa = PBXFileReference; fileEncoding = 4; lastKnownFileType = sourcecode.swift; path = "Date+Extension.swift"; sourceTree = "<group>"; };
		142344C620794F39000718AB /* String+Extensions.swift */ = {isa = PBXFileReference; fileEncoding = 4; lastKnownFileType = sourcecode.swift; path = "String+Extensions.swift"; sourceTree = "<group>"; };
		142344C720794F39000718AB /* UITextView+Extensions.swift */ = {isa = PBXFileReference; fileEncoding = 4; lastKnownFileType = sourcecode.swift; path = "UITextView+Extensions.swift"; sourceTree = "<group>"; };
		142344C820794F39000718AB /* UIColor+Extensions.swift */ = {isa = PBXFileReference; fileEncoding = 4; lastKnownFileType = sourcecode.swift; path = "UIColor+Extensions.swift"; sourceTree = "<group>"; };
		142344C920794F39000718AB /* UIImage+Extensions.swift */ = {isa = PBXFileReference; fileEncoding = 4; lastKnownFileType = sourcecode.swift; path = "UIImage+Extensions.swift"; sourceTree = "<group>"; };
		142344CA20794F39000718AB /* UIAlertController+Extensions.swift */ = {isa = PBXFileReference; fileEncoding = 4; lastKnownFileType = sourcecode.swift; path = "UIAlertController+Extensions.swift"; sourceTree = "<group>"; };
		142344CB20794F39000718AB /* Optional+Extensions.swift */ = {isa = PBXFileReference; fileEncoding = 4; lastKnownFileType = sourcecode.swift; path = "Optional+Extensions.swift"; sourceTree = "<group>"; };
		142344CC20794F39000718AB /* Common+Extensions.swift */ = {isa = PBXFileReference; fileEncoding = 4; lastKnownFileType = sourcecode.swift; path = "Common+Extensions.swift"; sourceTree = "<group>"; };
		142344CD20794F39000718AB /* Locale+Extensions.swift */ = {isa = PBXFileReference; fileEncoding = 4; lastKnownFileType = sourcecode.swift; path = "Locale+Extensions.swift"; sourceTree = "<group>"; };
		142344CE20794F39000718AB /* UITextField+Extensions.swift */ = {isa = PBXFileReference; fileEncoding = 4; lastKnownFileType = sourcecode.swift; path = "UITextField+Extensions.swift"; sourceTree = "<group>"; };
		1437C097207509F500FCA384 /* Teco M.E..app */ = {isa = PBXFileReference; explicitFileType = wrapper.application; includeInIndex = 0; path = "Teco M.E..app"; sourceTree = BUILT_PRODUCTS_DIR; };
		1437C09A207509F500FCA384 /* AppDelegate.swift */ = {isa = PBXFileReference; lastKnownFileType = sourcecode.swift; path = AppDelegate.swift; sourceTree = "<group>"; };
		1437C09C207509F500FCA384 /* ViewController.swift */ = {isa = PBXFileReference; lastKnownFileType = sourcecode.swift; path = ViewController.swift; sourceTree = "<group>"; };
		1437C09F207509F500FCA384 /* Base */ = {isa = PBXFileReference; lastKnownFileType = file.storyboard; name = Base; path = Base.lproj/Main.storyboard; sourceTree = "<group>"; };
		1437C0A1207509F500FCA384 /* Assets.xcassets */ = {isa = PBXFileReference; lastKnownFileType = folder.assetcatalog; path = Assets.xcassets; sourceTree = "<group>"; };
		1437C0A4207509F500FCA384 /* Base */ = {isa = PBXFileReference; lastKnownFileType = file.storyboard; name = Base; path = Base.lproj/LaunchScreen.storyboard; sourceTree = "<group>"; };
		1437C0AC20750A2E00FCA384 /* Info.plist */ = {isa = PBXFileReference; fileEncoding = 4; lastKnownFileType = text.plist.xml; path = Info.plist; sourceTree = "<group>"; };
		1437C0AE20750A3700FCA384 /* Constants.swift */ = {isa = PBXFileReference; fileEncoding = 4; lastKnownFileType = sourcecode.swift; path = Constants.swift; sourceTree = "<group>"; };
		1437C0B220750A4A00FCA384 /* ApiManager.swift */ = {isa = PBXFileReference; fileEncoding = 4; lastKnownFileType = sourcecode.swift; path = ApiManager.swift; sourceTree = "<group>"; };
		1437C0B320750A4A00FCA384 /* DataStore.swift */ = {isa = PBXFileReference; fileEncoding = 4; lastKnownFileType = sourcecode.swift; path = DataStore.swift; sourceTree = "<group>"; };
		1437C0B620750A4A00FCA384 /* Actions.swift */ = {isa = PBXFileReference; fileEncoding = 4; lastKnownFileType = sourcecode.swift; path = Actions.swift; sourceTree = "<group>"; };
		1437C0BF20750A4F00FCA384 /* UIScrollView.swift */ = {isa = PBXFileReference; fileEncoding = 4; lastKnownFileType = sourcecode.swift; path = UIScrollView.swift; sourceTree = "<group>"; };
		1437C0C020750A4F00FCA384 /* XUIView.swift */ = {isa = PBXFileReference; fileEncoding = 4; lastKnownFileType = sourcecode.swift; path = XUIView.swift; sourceTree = "<group>"; };
		1437C0C120750A4F00FCA384 /* UIView.swift */ = {isa = PBXFileReference; fileEncoding = 4; lastKnownFileType = sourcecode.swift; path = UIView.swift; sourceTree = "<group>"; };
		1437C0C220750A4F00FCA384 /* XUILabel.swift */ = {isa = PBXFileReference; fileEncoding = 4; lastKnownFileType = sourcecode.swift; path = XUILabel.swift; sourceTree = "<group>"; };
		1437C0C320750A4F00FCA384 /* Collection.swift */ = {isa = PBXFileReference; fileEncoding = 4; lastKnownFileType = sourcecode.swift; path = Collection.swift; sourceTree = "<group>"; };
		1437C0C420750A4F00FCA384 /* NSlayoutConstraint.swift */ = {isa = PBXFileReference; fileEncoding = 4; lastKnownFileType = sourcecode.swift; path = NSlayoutConstraint.swift; sourceTree = "<group>"; };
		1437C0C520750A4F00FCA384 /* UIColor.swift */ = {isa = PBXFileReference; fileEncoding = 4; lastKnownFileType = sourcecode.swift; path = UIColor.swift; sourceTree = "<group>"; };
		1437C0C620750A4F00FCA384 /* GradiantView.swift */ = {isa = PBXFileReference; fileEncoding = 4; lastKnownFileType = sourcecode.swift; path = GradiantView.swift; sourceTree = "<group>"; };
		1437C0C720750A4F00FCA384 /* XUIButton.swift */ = {isa = PBXFileReference; fileEncoding = 4; lastKnownFileType = sourcecode.swift; path = XUIButton.swift; sourceTree = "<group>"; };
		1437C0C820750A4F00FCA384 /* UIView2.swift */ = {isa = PBXFileReference; fileEncoding = 4; lastKnownFileType = sourcecode.swift; path = UIView2.swift; sourceTree = "<group>"; };
		1437C0C920750A4F00FCA384 /* UIImageViewWithMask.swift */ = {isa = PBXFileReference; fileEncoding = 4; lastKnownFileType = sourcecode.swift; path = UIImageViewWithMask.swift; sourceTree = "<group>"; };
		1437C0CA20750A4F00FCA384 /* XUITextField.swift */ = {isa = PBXFileReference; fileEncoding = 4; lastKnownFileType = sourcecode.swift; path = XUITextField.swift; sourceTree = "<group>"; };
		1437C0CB20750A4F00FCA384 /* UITextField.swift */ = {isa = PBXFileReference; fileEncoding = 4; lastKnownFileType = sourcecode.swift; path = UITextField.swift; sourceTree = "<group>"; };
		1437C0CC20750A4F00FCA384 /* UITabBarItem.swift */ = {isa = PBXFileReference; fileEncoding = 4; lastKnownFileType = sourcecode.swift; path = UITabBarItem.swift; sourceTree = "<group>"; };
		1437C0CD20750A4F00FCA384 /* String.swift */ = {isa = PBXFileReference; fileEncoding = 4; lastKnownFileType = sourcecode.swift; path = String.swift; sourceTree = "<group>"; };
		1437C0CE20750A4F00FCA384 /* UILable.swift */ = {isa = PBXFileReference; fileEncoding = 4; lastKnownFileType = sourcecode.swift; path = UILable.swift; sourceTree = "<group>"; };
		1437C0CF20750A4F00FCA384 /* UIViewController.swift */ = {isa = PBXFileReference; fileEncoding = 4; lastKnownFileType = sourcecode.swift; path = UIViewController.swift; sourceTree = "<group>"; };
		1437C0D020750A4F00FCA384 /* Double.swift */ = {isa = PBXFileReference; fileEncoding = 4; lastKnownFileType = sourcecode.swift; path = Double.swift; sourceTree = "<group>"; };
		1437C0D120750A4F00FCA384 /* UIApplication.swift */ = {isa = PBXFileReference; fileEncoding = 4; lastKnownFileType = sourcecode.swift; path = UIApplication.swift; sourceTree = "<group>"; };
		1437C0D220750A4F00FCA384 /* UITextView.swift */ = {isa = PBXFileReference; fileEncoding = 4; lastKnownFileType = sourcecode.swift; path = UITextView.swift; sourceTree = "<group>"; };
		1437C0D320750A4F00FCA384 /* UIStoryBoard.swift */ = {isa = PBXFileReference; fileEncoding = 4; lastKnownFileType = sourcecode.swift; path = UIStoryBoard.swift; sourceTree = "<group>"; };
		1437C0D420750A4F00FCA384 /* MKMap.swift */ = {isa = PBXFileReference; fileEncoding = 4; lastKnownFileType = sourcecode.swift; path = MKMap.swift; sourceTree = "<group>"; };
		1437C0D620750A4F00FCA384 /* DateHelper.swift */ = {isa = PBXFileReference; fileEncoding = 4; lastKnownFileType = sourcecode.swift; path = DateHelper.swift; sourceTree = "<group>"; };
		1437C12020750A6100FCA384 /* AbstractNibView.swift */ = {isa = PBXFileReference; fileEncoding = 4; lastKnownFileType = sourcecode.swift; path = AbstractNibView.swift; sourceTree = "<group>"; };
		1437C12120750A6100FCA384 /* AbstractController.swift */ = {isa = PBXFileReference; fileEncoding = 4; lastKnownFileType = sourcecode.swift; path = AbstractController.swift; sourceTree = "<group>"; };
		1437C12F20750C1600FCA384 /* AppUser.swift */ = {isa = PBXFileReference; fileEncoding = 4; lastKnownFileType = sourcecode.swift; path = AppUser.swift; sourceTree = "<group>"; };
		1437C13920750C1600FCA384 /* BaseModel.swift */ = {isa = PBXFileReference; fileEncoding = 4; lastKnownFileType = sourcecode.swift; path = BaseModel.swift; sourceTree = "<group>"; };
		1437C16720750E0300FCA384 /* AppColors.swift */ = {isa = PBXFileReference; fileEncoding = 4; lastKnownFileType = sourcecode.swift; path = AppColors.swift; sourceTree = "<group>"; };
		1437C16A20750E1A00FCA384 /* DroidKufiBold.ttf */ = {isa = PBXFileReference; lastKnownFileType = file; path = DroidKufiBold.ttf; sourceTree = "<group>"; };
		1437C16B20750E1A00FCA384 /* DroidKufiRegular.ttf */ = {isa = PBXFileReference; lastKnownFileType = file; path = DroidKufiRegular.ttf; sourceTree = "<group>"; };
		1437C16C20750E1A00FCA384 /* OpenSansSemiBold.ttf */ = {isa = PBXFileReference; lastKnownFileType = file; path = OpenSansSemiBold.ttf; sourceTree = "<group>"; };
		1437C16D20750E1A00FCA384 /* OpenSansBold.ttf */ = {isa = PBXFileReference; lastKnownFileType = file; path = OpenSansBold.ttf; sourceTree = "<group>"; };
		1437C16E20750E1A00FCA384 /* OpenSansRegular.ttf */ = {isa = PBXFileReference; lastKnownFileType = file; path = OpenSansRegular.ttf; sourceTree = "<group>"; };
		1437C16F20750E1A00FCA384 /* AppFonts.swift */ = {isa = PBXFileReference; fileEncoding = 4; lastKnownFileType = sourcecode.swift; path = AppFonts.swift; sourceTree = "<group>"; };
		1437C1772075174B00FCA384 /* RecordingViewController.swift */ = {isa = PBXFileReference; fileEncoding = 4; lastKnownFileType = sourcecode.swift; path = RecordingViewController.swift; sourceTree = "<group>"; };
		1437C17E2075282F00FCA384 /* LoginViewController.swift */ = {isa = PBXFileReference; fileEncoding = 4; lastKnownFileType = sourcecode.swift; path = LoginViewController.swift; sourceTree = "<group>"; };
		1437C17F2075282F00FCA384 /* StartViewController.swift */ = {isa = PBXFileReference; fileEncoding = 4; lastKnownFileType = sourcecode.swift; name = StartViewController.swift; path = ../../../../../../Wardah/Wardah/Classes/Controllers/Start/StartViewController.swift; sourceTree = "<group>"; };
		1473536420815E15003B7769 /* ar */ = {isa = PBXFileReference; lastKnownFileType = text.plist.strings; name = ar; path = ar.lproj/Main.strings; sourceTree = "<group>"; };
		1473536520815E15003B7769 /* ar */ = {isa = PBXFileReference; lastKnownFileType = text.plist.strings; name = ar; path = ar.lproj/LaunchScreen.strings; sourceTree = "<group>"; };
		149D3ECA20F3ECE5007E2EE9 /* Result.swift */ = {isa = PBXFileReference; fileEncoding = 4; lastKnownFileType = sourcecode.swift; path = Result.swift; sourceTree = SOURCE_ROOT; };
		149D3ECB20F3ECE5007E2EE9 /* Commands.swift */ = {isa = PBXFileReference; fileEncoding = 4; lastKnownFileType = sourcecode.swift; path = Commands.swift; sourceTree = SOURCE_ROOT; };
		149D3ECC20F3ECE5007E2EE9 /* response.swift */ = {isa = PBXFileReference; fileEncoding = 4; lastKnownFileType = sourcecode.swift; path = response.swift; sourceTree = SOURCE_ROOT; };
		14B5E866207D2B6200067ECF /* Languge.swift */ = {isa = PBXFileReference; lastKnownFileType = sourcecode.swift; path = Languge.swift; sourceTree = "<group>"; };
		14B5E868207D330300067ECF /* SettingsViewController.swift */ = {isa = PBXFileReference; lastKnownFileType = sourcecode.swift; path = SettingsViewController.swift; sourceTree = "<group>"; };
		14B5E86A207DD96900067ECF /* Command.swift */ = {isa = PBXFileReference; lastKnownFileType = sourcecode.swift; path = Command.swift; sourceTree = "<group>"; };
		14B5E86C207E082400067ECF /* CDVSpeechRecognition.swift */ = {isa = PBXFileReference; fileEncoding = 4; lastKnownFileType = sourcecode.swift; path = CDVSpeechRecognition.swift; sourceTree = "<group>"; };
		14B5E86D207E082500067ECF /* CDVSpeechRecognitionViewController.swift */ = {isa = PBXFileReference; fileEncoding = 4; lastKnownFileType = sourcecode.swift; path = CDVSpeechRecognitionViewController.swift; sourceTree = "<group>"; };
		14DDDE5C208E1D8400A4A403 /* error.mp3 */ = {isa = PBXFileReference; lastKnownFileType = audio.mp3; path = error.mp3; sourceTree = "<group>"; };
		14DDDE5D208E1D8400A4A403 /* ok.mp3 */ = {isa = PBXFileReference; lastKnownFileType = audio.mp3; path = ok.mp3; sourceTree = "<group>"; };
		14FBEF882093478500ACDE89 /* TestViewController.swift */ = {isa = PBXFileReference; lastKnownFileType = sourcecode.swift; path = TestViewController.swift; sourceTree = "<group>"; };
		39B206AAF4DFE0876D36C1D6 /* Pods-BeeX.release.xcconfig */ = {isa = PBXFileReference; includeInIndex = 1; lastKnownFileType = text.xcconfig; name = "Pods-BeeX.release.xcconfig"; path = "Pods/Target Support Files/Pods-BeeX/Pods-BeeX.release.xcconfig"; sourceTree = "<group>"; };
		762433DE62A4423A6AD518F0 /* Pods-BeeX.debug.xcconfig */ = {isa = PBXFileReference; includeInIndex = 1; lastKnownFileType = text.xcconfig; name = "Pods-BeeX.debug.xcconfig"; path = "Pods/Target Support Files/Pods-BeeX/Pods-BeeX.debug.xcconfig"; sourceTree = "<group>"; };
		F042F4F0E5B341DD3A870BB6 /* Pods_BeeX.framework */ = {isa = PBXFileReference; explicitFileType = wrapper.framework; includeInIndex = 0; path = Pods_BeeX.framework; sourceTree = BUILT_PRODUCTS_DIR; };
/* End PBXFileReference section */

/* Begin PBXFrameworksBuildPhase section */
		1437C094207509F500FCA384 /* Frameworks */ = {
			isa = PBXFrameworksBuildPhase;
			buildActionMask = 2147483647;
			files = (
				7797591FAA9D237F843A2ECA /* Pods_BeeX.framework in Frameworks */,
			);
			runOnlyForDeploymentPostprocessing = 0;
		};
/* End PBXFrameworksBuildPhase section */

/* Begin PBXGroup section */
		142344B320794F38000718AB /* Views */ = {
			isa = PBXGroup;
			children = (
				142344B420794F38000718AB /* Label.swift */,
				142344B520794F38000718AB /* SegmentedControl.swift */,
				142344B620794F38000718AB /* GradientSlider.swift */,
				142344B720794F38000718AB /* TextField.swift */,
			);
			path = Views;
			sourceTree = "<group>";
		};
		142344B820794F39000718AB /* Pickers */ = {
			isa = PBXGroup;
			children = (
				142344B920794F39000718AB /* Countries.bundle */,
				142344BA20794F39000718AB /* DatePickerViewController.swift */,
				142344BB20794F39000718AB /* ImagePickerViewController.swift */,
				142344BC20794F39000718AB /* PickerViewViewController.swift */,
				142344BD20794F39000718AB /* LocalePickerViewController.swift */,
				142344BE20794F39000718AB /* TwoTextFieldsViewController.swift */,
				142344BF20794F39000718AB /* ColorPickerViewController.swift */,
				142344C020794F39000718AB /* OneTextFieldViewController.swift */,
			);
			path = Pickers;
			sourceTree = "<group>";
		};
		142344C120794F39000718AB /* Extensions */ = {
			isa = PBXGroup;
			children = (
				142344C220794F39000718AB /* Array+Extensions.swift */,
				142344C320794F39000718AB /* UISegmentedControl+Extensions.swift */,
				142344C420794F39000718AB /* UIView+Extensions.swift */,
				142344C520794F39000718AB /* Date+Extension.swift */,
				142344C620794F39000718AB /* String+Extensions.swift */,
				142344C720794F39000718AB /* UITextView+Extensions.swift */,
				142344C820794F39000718AB /* UIColor+Extensions.swift */,
				142344C920794F39000718AB /* UIImage+Extensions.swift */,
				142344CA20794F39000718AB /* UIAlertController+Extensions.swift */,
				142344CB20794F39000718AB /* Optional+Extensions.swift */,
				142344CC20794F39000718AB /* Common+Extensions.swift */,
				142344CD20794F39000718AB /* Locale+Extensions.swift */,
				142344CE20794F39000718AB /* UITextField+Extensions.swift */,
			);
			path = Extensions;
			sourceTree = "<group>";
		};
		1437C08E207509F500FCA384 = {
			isa = PBXGroup;
			children = (
				1437C099207509F500FCA384 /* BeeX */,
				1437C098207509F500FCA384 /* Products */,
				9ECFD45D6FA7A0704888E8F1 /* Pods */,
				B79BDD9DD289746F070AE3BE /* Frameworks */,
			);
			sourceTree = "<group>";
		};
		1437C098207509F500FCA384 /* Products */ = {
			isa = PBXGroup;
			children = (
				1437C097207509F500FCA384 /* Teco M.E..app */,
			);
			name = Products;
			sourceTree = "<group>";
		};
		1437C099207509F500FCA384 /* BeeX */ = {
			isa = PBXGroup;
			children = (
				14DDDE5D208E1D8400A4A403 /* ok.mp3 */,
				14DDDE5C208E1D8400A4A403 /* error.mp3 */,
				1437C09A207509F500FCA384 /* AppDelegate.swift */,
				1437C17920751F4C00FCA384 /* Controllers */,
				1437C1762075150200FCA384 /* Globals */,
				1437C16920750E1A00FCA384 /* Fonts */,
				1437C12420750C1600FCA384 /* Models */,
				1437C11F20750A6100FCA384 /* Abstract */,
				1437C0BD20750A4F00FCA384 /* Libs */,
				1437C0B020750A4A00FCA384 /* Managers */,
				1437C09E207509F500FCA384 /* Main.storyboard */,
				142344C120794F39000718AB /* Extensions */,
				142344B820794F39000718AB /* Pickers */,
				142344B320794F38000718AB /* Views */,
				1437C0A1207509F500FCA384 /* Assets.xcassets */,
				1437C0A3207509F500FCA384 /* LaunchScreen.storyboard */,
				1437C0AC20750A2E00FCA384 /* Info.plist */,
			);
			path = BeeX;
			sourceTree = "<group>";
		};
		1437C0B020750A4A00FCA384 /* Managers */ = {
			isa = PBXGroup;
			children = (
				1437C0B220750A4A00FCA384 /* ApiManager.swift */,
				1437C0B320750A4A00FCA384 /* DataStore.swift */,
				1437C0B620750A4A00FCA384 /* Actions.swift */,
			);
			path = Managers;
			sourceTree = "<group>";
		};
		1437C0BD20750A4F00FCA384 /* Libs */ = {
			isa = PBXGroup;
			children = (
				1437C0BE20750A4F00FCA384 /* Extensions */,
				1437C0D520750A4F00FCA384 /* Helpers */,
			);
			path = Libs;
			sourceTree = "<group>";
		};
		1437C0BE20750A4F00FCA384 /* Extensions */ = {
			isa = PBXGroup;
			children = (
				1437C0BF20750A4F00FCA384 /* UIScrollView.swift */,
				1437C0C020750A4F00FCA384 /* XUIView.swift */,
				1437C0C120750A4F00FCA384 /* UIView.swift */,
				1437C0C220750A4F00FCA384 /* XUILabel.swift */,
				1437C0C320750A4F00FCA384 /* Collection.swift */,
				1437C0C420750A4F00FCA384 /* NSlayoutConstraint.swift */,
				1437C0C520750A4F00FCA384 /* UIColor.swift */,
				1437C0C620750A4F00FCA384 /* GradiantView.swift */,
				1437C0C720750A4F00FCA384 /* XUIButton.swift */,
				1437C0C820750A4F00FCA384 /* UIView2.swift */,
				1437C0C920750A4F00FCA384 /* UIImageViewWithMask.swift */,
				1437C0CA20750A4F00FCA384 /* XUITextField.swift */,
				1437C0CB20750A4F00FCA384 /* UITextField.swift */,
				1437C0CC20750A4F00FCA384 /* UITabBarItem.swift */,
				1437C0CD20750A4F00FCA384 /* String.swift */,
				1437C0CE20750A4F00FCA384 /* UILable.swift */,
				1437C0CF20750A4F00FCA384 /* UIViewController.swift */,
				1437C0D020750A4F00FCA384 /* Double.swift */,
				1437C0D120750A4F00FCA384 /* UIApplication.swift */,
				1437C0D220750A4F00FCA384 /* UITextView.swift */,
				1437C0D320750A4F00FCA384 /* UIStoryBoard.swift */,
				1437C0D420750A4F00FCA384 /* MKMap.swift */,
			);
			path = Extensions;
			sourceTree = "<group>";
		};
		1437C0D520750A4F00FCA384 /* Helpers */ = {
			isa = PBXGroup;
			children = (
				1437C0D620750A4F00FCA384 /* DateHelper.swift */,
			);
			path = Helpers;
			sourceTree = "<group>";
		};
		1437C11F20750A6100FCA384 /* Abstract */ = {
			isa = PBXGroup;
			children = (
				1437C12020750A6100FCA384 /* AbstractNibView.swift */,
				1437C12120750A6100FCA384 /* AbstractController.swift */,
			);
			path = Abstract;
			sourceTree = "<group>";
		};
		1437C12420750C1600FCA384 /* Models */ = {
			isa = PBXGroup;
			children = (
				149D3ECB20F3ECE5007E2EE9 /* Commands.swift */,
				149D3ECC20F3ECE5007E2EE9 /* response.swift */,
				149D3ECA20F3ECE5007E2EE9 /* Result.swift */,
				1437C12F20750C1600FCA384 /* AppUser.swift */,
				1437C13920750C1600FCA384 /* BaseModel.swift */,
				14B5E866207D2B6200067ECF /* Languge.swift */,
				14B5E86A207DD96900067ECF /* Command.swift */,
			);
			path = Models;
			sourceTree = "<group>";
		};
		1437C16920750E1A00FCA384 /* Fonts */ = {
			isa = PBXGroup;
			children = (
				1437C16A20750E1A00FCA384 /* DroidKufiBold.ttf */,
				1437C16B20750E1A00FCA384 /* DroidKufiRegular.ttf */,
				1437C16C20750E1A00FCA384 /* OpenSansSemiBold.ttf */,
				1437C16D20750E1A00FCA384 /* OpenSansBold.ttf */,
				1437C16E20750E1A00FCA384 /* OpenSansRegular.ttf */,
			);
			path = Fonts;
			sourceTree = "<group>";
		};
		1437C1762075150200FCA384 /* Globals */ = {
			isa = PBXGroup;
			children = (
				1437C16720750E0300FCA384 /* AppColors.swift */,
				1437C16F20750E1A00FCA384 /* AppFonts.swift */,
				1437C0AE20750A3700FCA384 /* Constants.swift */,
			);
			path = Globals;
			sourceTree = "<group>";
		};
		1437C17920751F4C00FCA384 /* Controllers */ = {
			isa = PBXGroup;
			children = (
				1437C17E2075282F00FCA384 /* LoginViewController.swift */,
				1437C17F2075282F00FCA384 /* StartViewController.swift */,
				14B5E86C207E082400067ECF /* CDVSpeechRecognition.swift */,
				14B5E86D207E082500067ECF /* CDVSpeechRecognitionViewController.swift */,
				1437C1772075174B00FCA384 /* RecordingViewController.swift */,
				1437C09C207509F500FCA384 /* ViewController.swift */,
				14B5E868207D330300067ECF /* SettingsViewController.swift */,
				14FBEF882093478500ACDE89 /* TestViewController.swift */,
			);
			path = Controllers;
			sourceTree = "<group>";
		};
		9ECFD45D6FA7A0704888E8F1 /* Pods */ = {
			isa = PBXGroup;
			children = (
				762433DE62A4423A6AD518F0 /* Pods-BeeX.debug.xcconfig */,
				39B206AAF4DFE0876D36C1D6 /* Pods-BeeX.release.xcconfig */,
			);
			name = Pods;
			sourceTree = "<group>";
		};
		B79BDD9DD289746F070AE3BE /* Frameworks */ = {
			isa = PBXGroup;
			children = (
				F042F4F0E5B341DD3A870BB6 /* Pods_BeeX.framework */,
			);
			name = Frameworks;
			sourceTree = "<group>";
		};
/* End PBXGroup section */

/* Begin PBXNativeTarget section */
		1437C096207509F500FCA384 /* Teco M.E. */ = {
			isa = PBXNativeTarget;
			buildConfigurationList = 1437C0A9207509F500FCA384 /* Build configuration list for PBXNativeTarget "Teco M.E." */;
			buildPhases = (
				3B5086FC6C7F5ABDD8B2FDF4 /* [CP] Check Pods Manifest.lock */,
				1437C093207509F500FCA384 /* Sources */,
				1437C094207509F500FCA384 /* Frameworks */,
				1437C095207509F500FCA384 /* Resources */,
				5C1894B6825FEEF02060C439 /* [CP] Embed Pods Frameworks */,
				02F4F99BAFACCBB8046A2D1A /* [CP] Copy Pods Resources */,
			);
			buildRules = (
			);
			dependencies = (
			);
			name = "Teco M.E.";
			productName = BeeX;
			productReference = 1437C097207509F500FCA384 /* Teco M.E..app */;
			productType = "com.apple.product-type.application";
		};
/* End PBXNativeTarget section */

/* Begin PBXProject section */
		1437C08F207509F500FCA384 /* Project object */ = {
			isa = PBXProject;
			attributes = {
				LastSwiftUpdateCheck = 0920;
				LastUpgradeCheck = 0920;
				ORGANIZATIONNAME = NourAraar;
				TargetAttributes = {
					1437C096207509F500FCA384 = {
						CreatedOnToolsVersion = 9.2;
						ProvisioningStyle = Automatic;
					};
				};
			};
			buildConfigurationList = 1437C092207509F500FCA384 /* Build configuration list for PBXProject "Teco M.E." */;
			compatibilityVersion = "Xcode 8.0";
			developmentRegion = en;
			hasScannedForEncodings = 0;
			knownRegions = (
				en,
				Base,
			);
			mainGroup = 1437C08E207509F500FCA384;
			productRefGroup = 1437C098207509F500FCA384 /* Products */;
			projectDirPath = "";
			projectRoot = "";
			targets = (
				1437C096207509F500FCA384 /* Teco M.E. */,
			);
		};
/* End PBXProject section */

/* Begin PBXResourcesBuildPhase section */
		1437C095207509F500FCA384 /* Resources */ = {
			isa = PBXResourcesBuildPhase;
			buildActionMask = 2147483647;
			files = (
				14DDDE5F208E1D8400A4A403 /* ok.mp3 in Resources */,
				1437C0AD20750A2E00FCA384 /* Info.plist in Resources */,
				1437C17120750E1A00FCA384 /* DroidKufiRegular.ttf in Resources */,
				1437C0A5207509F500FCA384 /* LaunchScreen.storyboard in Resources */,
				1437C17220750E1A00FCA384 /* OpenSansSemiBold.ttf in Resources */,
				1437C17320750E1A00FCA384 /* OpenSansBold.ttf in Resources */,
				14DDDE5E208E1D8400A4A403 /* error.mp3 in Resources */,
				1437C0A2207509F500FCA384 /* Assets.xcassets in Resources */,
				142344D320794F39000718AB /* Countries.bundle in Resources */,
				1437C0A0207509F500FCA384 /* Main.storyboard in Resources */,
				1437C17020750E1A00FCA384 /* DroidKufiBold.ttf in Resources */,
				1437C17420750E1A00FCA384 /* OpenSansRegular.ttf in Resources */,
			);
			runOnlyForDeploymentPostprocessing = 0;
		};
/* End PBXResourcesBuildPhase section */

/* Begin PBXShellScriptBuildPhase section */
		02F4F99BAFACCBB8046A2D1A /* [CP] Copy Pods Resources */ = {
			isa = PBXShellScriptBuildPhase;
			buildActionMask = 2147483647;
			files = (
			);
			inputPaths = (
			);
			name = "[CP] Copy Pods Resources";
			outputPaths = (
			);
			runOnlyForDeploymentPostprocessing = 0;
			shellPath = /bin/sh;
			shellScript = "\"${SRCROOT}/Pods/Target Support Files/Pods-BeeX/Pods-BeeX-resources.sh\"\n";
			showEnvVarsInLog = 0;
		};
		3B5086FC6C7F5ABDD8B2FDF4 /* [CP] Check Pods Manifest.lock */ = {
			isa = PBXShellScriptBuildPhase;
			buildActionMask = 2147483647;
			files = (
			);
			inputPaths = (
				"${PODS_PODFILE_DIR_PATH}/Podfile.lock",
				"${PODS_ROOT}/Manifest.lock",
			);
			name = "[CP] Check Pods Manifest.lock";
			outputPaths = (
				"$(DERIVED_FILE_DIR)/Pods-BeeX-checkManifestLockResult.txt",
			);
			runOnlyForDeploymentPostprocessing = 0;
			shellPath = /bin/sh;
			shellScript = "diff \"${PODS_PODFILE_DIR_PATH}/Podfile.lock\" \"${PODS_ROOT}/Manifest.lock\" > /dev/null\nif [ $? != 0 ] ; then\n    # print error to STDERR\n    echo \"error: The sandbox is not in sync with the Podfile.lock. Run 'pod install' or update your CocoaPods installation.\" >&2\n    exit 1\nfi\n# This output is used by Xcode 'outputs' to avoid re-running this script phase.\necho \"SUCCESS\" > \"${SCRIPT_OUTPUT_FILE_0}\"\n";
			showEnvVarsInLog = 0;
		};
		5C1894B6825FEEF02060C439 /* [CP] Embed Pods Frameworks */ = {
			isa = PBXShellScriptBuildPhase;
			buildActionMask = 2147483647;
			files = (
			);
			inputPaths = (
				"${SRCROOT}/Pods/Target Support Files/Pods-BeeX/Pods-BeeX-frameworks.sh",
				"${BUILT_PRODUCTS_DIR}/Alamofire/Alamofire.framework",
				"${BUILT_PRODUCTS_DIR}/DropDown/DropDown.framework",
				"${BUILT_PRODUCTS_DIR}/SwiftSocket/SwiftSocket.framework",
				"${BUILT_PRODUCTS_DIR}/SwiftyJSON/SwiftyJSON.framework",
				"${BUILT_PRODUCTS_DIR}/Toast-Swift/Toast_Swift.framework",
			);
			name = "[CP] Embed Pods Frameworks";
			outputPaths = (
				"${TARGET_BUILD_DIR}/${FRAMEWORKS_FOLDER_PATH}/Alamofire.framework",
				"${TARGET_BUILD_DIR}/${FRAMEWORKS_FOLDER_PATH}/DropDown.framework",
				"${TARGET_BUILD_DIR}/${FRAMEWORKS_FOLDER_PATH}/SwiftSocket.framework",
				"${TARGET_BUILD_DIR}/${FRAMEWORKS_FOLDER_PATH}/SwiftyJSON.framework",
				"${TARGET_BUILD_DIR}/${FRAMEWORKS_FOLDER_PATH}/Toast_Swift.framework",
			);
			runOnlyForDeploymentPostprocessing = 0;
			shellPath = /bin/sh;
			shellScript = "\"${SRCROOT}/Pods/Target Support Files/Pods-BeeX/Pods-BeeX-frameworks.sh\"\n";
			showEnvVarsInLog = 0;
		};
/* End PBXShellScriptBuildPhase section */

/* Begin PBXSourcesBuildPhase section */
		1437C093207509F500FCA384 /* Sources */ = {
			isa = PBXSourcesBuildPhase;
			buildActionMask = 2147483647;
			files = (
				1437C10620750A5000FCA384 /* UIApplication.swift in Sources */,
				1437C0B820750A4A00FCA384 /* ApiManager.swift in Sources */,
				14FBEF892093478500ACDE89 /* TestViewController.swift in Sources */,
				1437C0F520750A4F00FCA384 /* XUIView.swift in Sources */,
				14B5E86E207E082500067ECF /* CDVSpeechRecognition.swift in Sources */,
				14B5E867207D2B6200067ECF /* Languge.swift in Sources */,
				142344D220794F39000718AB /* TextField.swift in Sources */,
				1437C10220750A5000FCA384 /* String.swift in Sources */,
				1437C1802075282F00FCA384 /* LoginViewController.swift in Sources */,
				14B5E869207D330300067ECF /* SettingsViewController.swift in Sources */,
				142344CF20794F39000718AB /* Label.swift in Sources */,
				142344E720794F39000718AB /* UITextField+Extensions.swift in Sources */,
				1437C10920750A5000FCA384 /* MKMap.swift in Sources */,
				142344DC20794F39000718AB /* UISegmentedControl+Extensions.swift in Sources */,
				142344DE20794F39000718AB /* Date+Extension.swift in Sources */,
				1437C10020750A5000FCA384 /* UITextField.swift in Sources */,
				142344E420794F39000718AB /* Optional+Extensions.swift in Sources */,
				142344E120794F39000718AB /* UIColor+Extensions.swift in Sources */,
				142344E020794F39000718AB /* UITextView+Extensions.swift in Sources */,
				1437C10520750A5000FCA384 /* Double.swift in Sources */,
				1437C1812075282F00FCA384 /* StartViewController.swift in Sources */,
				14B5E86F207E082500067ECF /* CDVSpeechRecognitionViewController.swift in Sources */,
				142344D620794F39000718AB /* PickerViewViewController.swift in Sources */,
				149D3ECE20F3ECE6007E2EE9 /* Commands.swift in Sources */,
				1437C10420750A5000FCA384 /* UIViewController.swift in Sources */,
				1437C0FB20750A4F00FCA384 /* GradiantView.swift in Sources */,
				1437C12220750A6100FCA384 /* AbstractNibView.swift in Sources */,
				1437C0F620750A4F00FCA384 /* UIView.swift in Sources */,
				1437C0FF20750A5000FCA384 /* XUITextField.swift in Sources */,
				142344DD20794F39000718AB /* UIView+Extensions.swift in Sources */,
				1437C12320750A6100FCA384 /* AbstractController.swift in Sources */,
				1437C16820750E0300FCA384 /* AppColors.swift in Sources */,
				142344E320794F39000718AB /* UIAlertController+Extensions.swift in Sources */,
				1437C0BC20750A4A00FCA384 /* Actions.swift in Sources */,
				1437C0FE20750A4F00FCA384 /* UIImageViewWithMask.swift in Sources */,
				1437C17520750E1A00FCA384 /* AppFonts.swift in Sources */,
				149D3ECF20F3ECE6007E2EE9 /* response.swift in Sources */,
				1437C10120750A5000FCA384 /* UITabBarItem.swift in Sources */,
				149D3ECD20F3ECE6007E2EE9 /* Result.swift in Sources */,
				1437C0FA20750A4F00FCA384 /* UIColor.swift in Sources */,
				1437C10A20750A5000FCA384 /* DateHelper.swift in Sources */,
				1437C15020750C1600FCA384 /* AppUser.swift in Sources */,
				1437C0F420750A4F00FCA384 /* UIScrollView.swift in Sources */,
				1437C0F820750A4F00FCA384 /* Collection.swift in Sources */,
				142344D420794F39000718AB /* DatePickerViewController.swift in Sources */,
				1437C09D207509F500FCA384 /* ViewController.swift in Sources */,
				1437C09B207509F500FCA384 /* AppDelegate.swift in Sources */,
				142344DB20794F39000718AB /* Array+Extensions.swift in Sources */,
				142344D820794F39000718AB /* TwoTextFieldsViewController.swift in Sources */,
				14B5E86B207DD96900067ECF /* Command.swift in Sources */,
				1437C15A20750C1600FCA384 /* BaseModel.swift in Sources */,
				1437C0B920750A4A00FCA384 /* DataStore.swift in Sources */,
				1437C10720750A5000FCA384 /* UITextView.swift in Sources */,
				1437C1782075174B00FCA384 /* RecordingViewController.swift in Sources */,
				142344DF20794F39000718AB /* String+Extensions.swift in Sources */,
				1437C0AF20750A3700FCA384 /* Constants.swift in Sources */,
				142344DA20794F39000718AB /* OneTextFieldViewController.swift in Sources */,
				142344D720794F39000718AB /* LocalePickerViewController.swift in Sources */,
				142344D920794F39000718AB /* ColorPickerViewController.swift in Sources */,
				142344D120794F39000718AB /* GradientSlider.swift in Sources */,
				1437C0FC20750A4F00FCA384 /* XUIButton.swift in Sources */,
				1437C10820750A5000FCA384 /* UIStoryBoard.swift in Sources */,
				142344D520794F39000718AB /* ImagePickerViewController.swift in Sources */,
				1437C0FD20750A4F00FCA384 /* UIView2.swift in Sources */,
				1437C0F720750A4F00FCA384 /* XUILabel.swift in Sources */,
				1437C10320750A5000FCA384 /* UILable.swift in Sources */,
				142344E220794F39000718AB /* UIImage+Extensions.swift in Sources */,
				142344D020794F39000718AB /* SegmentedControl.swift in Sources */,
				142344E520794F39000718AB /* Common+Extensions.swift in Sources */,
				142344E620794F39000718AB /* Locale+Extensions.swift in Sources */,
				1437C0F920750A4F00FCA384 /* NSlayoutConstraint.swift in Sources */,
			);
			runOnlyForDeploymentPostprocessing = 0;
		};
/* End PBXSourcesBuildPhase section */

/* Begin PBXVariantGroup section */
		1437C09E207509F500FCA384 /* Main.storyboard */ = {
			isa = PBXVariantGroup;
			children = (
				1437C09F207509F500FCA384 /* Base */,
				1473536420815E15003B7769 /* ar */,
			);
			name = Main.storyboard;
			sourceTree = "<group>";
		};
		1437C0A3207509F500FCA384 /* LaunchScreen.storyboard */ = {
			isa = PBXVariantGroup;
			children = (
				1437C0A4207509F500FCA384 /* Base */,
				1473536520815E15003B7769 /* ar */,
			);
			name = LaunchScreen.storyboard;
			sourceTree = "<group>";
		};
/* End PBXVariantGroup section */

/* Begin XCBuildConfiguration section */
		1437C0A7207509F500FCA384 /* Debug */ = {
			isa = XCBuildConfiguration;
			buildSettings = {
				ALWAYS_SEARCH_USER_PATHS = NO;
				CLANG_ANALYZER_LOCALIZABILITY_NONLOCALIZED = YES;
				CLANG_ANALYZER_NONNULL = YES;
				CLANG_ANALYZER_NUMBER_OBJECT_CONVERSION = YES_AGGRESSIVE;
				CLANG_CXX_LANGUAGE_STANDARD = "gnu++14";
				CLANG_CXX_LIBRARY = "libc++";
				CLANG_ENABLE_MODULES = YES;
				CLANG_ENABLE_OBJC_ARC = YES;
				CLANG_WARN_BLOCK_CAPTURE_AUTORELEASING = YES;
				CLANG_WARN_BOOL_CONVERSION = YES;
				CLANG_WARN_COMMA = YES;
				CLANG_WARN_CONSTANT_CONVERSION = YES;
				CLANG_WARN_DIRECT_OBJC_ISA_USAGE = YES_ERROR;
				CLANG_WARN_DOCUMENTATION_COMMENTS = YES;
				CLANG_WARN_EMPTY_BODY = YES;
				CLANG_WARN_ENUM_CONVERSION = YES;
				CLANG_WARN_INFINITE_RECURSION = YES;
				CLANG_WARN_INT_CONVERSION = YES;
				CLANG_WARN_NON_LITERAL_NULL_CONVERSION = YES;
				CLANG_WARN_OBJC_LITERAL_CONVERSION = YES;
				CLANG_WARN_OBJC_ROOT_CLASS = YES_ERROR;
				CLANG_WARN_RANGE_LOOP_ANALYSIS = YES;
				CLANG_WARN_STRICT_PROTOTYPES = YES;
				CLANG_WARN_SUSPICIOUS_MOVE = YES;
				CLANG_WARN_UNGUARDED_AVAILABILITY = YES_AGGRESSIVE;
				CLANG_WARN_UNREACHABLE_CODE = YES;
				CLANG_WARN__DUPLICATE_METHOD_MATCH = YES;
				CODE_SIGN_IDENTITY = "iPhone Developer";
				COPY_PHASE_STRIP = NO;
				DEBUG_INFORMATION_FORMAT = dwarf;
				ENABLE_STRICT_OBJC_MSGSEND = YES;
				ENABLE_TESTABILITY = YES;
				GCC_C_LANGUAGE_STANDARD = gnu11;
				GCC_DYNAMIC_NO_PIC = NO;
				GCC_NO_COMMON_BLOCKS = YES;
				GCC_OPTIMIZATION_LEVEL = 0;
				GCC_PREPROCESSOR_DEFINITIONS = (
					"DEBUG=1",
					"$(inherited)",
				);
				GCC_WARN_64_TO_32_BIT_CONVERSION = YES;
				GCC_WARN_ABOUT_RETURN_TYPE = YES_ERROR;
				GCC_WARN_UNDECLARED_SELECTOR = YES;
				GCC_WARN_UNINITIALIZED_AUTOS = YES_AGGRESSIVE;
				GCC_WARN_UNUSED_FUNCTION = YES;
				GCC_WARN_UNUSED_VARIABLE = YES;
				IPHONEOS_DEPLOYMENT_TARGET = 11.2;
				MTL_ENABLE_DEBUG_INFO = YES;
				ONLY_ACTIVE_ARCH = YES;
				SDKROOT = iphoneos;
				SWIFT_ACTIVE_COMPILATION_CONDITIONS = DEBUG;
				SWIFT_OPTIMIZATION_LEVEL = "-Onone";
			};
			name = Debug;
		};
		1437C0A8207509F500FCA384 /* Release */ = {
			isa = XCBuildConfiguration;
			buildSettings = {
				ALWAYS_SEARCH_USER_PATHS = NO;
				CLANG_ANALYZER_LOCALIZABILITY_NONLOCALIZED = YES;
				CLANG_ANALYZER_NONNULL = YES;
				CLANG_ANALYZER_NUMBER_OBJECT_CONVERSION = YES_AGGRESSIVE;
				CLANG_CXX_LANGUAGE_STANDARD = "gnu++14";
				CLANG_CXX_LIBRARY = "libc++";
				CLANG_ENABLE_MODULES = YES;
				CLANG_ENABLE_OBJC_ARC = YES;
				CLANG_WARN_BLOCK_CAPTURE_AUTORELEASING = YES;
				CLANG_WARN_BOOL_CONVERSION = YES;
				CLANG_WARN_COMMA = YES;
				CLANG_WARN_CONSTANT_CONVERSION = YES;
				CLANG_WARN_DIRECT_OBJC_ISA_USAGE = YES_ERROR;
				CLANG_WARN_DOCUMENTATION_COMMENTS = YES;
				CLANG_WARN_EMPTY_BODY = YES;
				CLANG_WARN_ENUM_CONVERSION = YES;
				CLANG_WARN_INFINITE_RECURSION = YES;
				CLANG_WARN_INT_CONVERSION = YES;
				CLANG_WARN_NON_LITERAL_NULL_CONVERSION = YES;
				CLANG_WARN_OBJC_LITERAL_CONVERSION = YES;
				CLANG_WARN_OBJC_ROOT_CLASS = YES_ERROR;
				CLANG_WARN_RANGE_LOOP_ANALYSIS = YES;
				CLANG_WARN_STRICT_PROTOTYPES = YES;
				CLANG_WARN_SUSPICIOUS_MOVE = YES;
				CLANG_WARN_UNGUARDED_AVAILABILITY = YES_AGGRESSIVE;
				CLANG_WARN_UNREACHABLE_CODE = YES;
				CLANG_WARN__DUPLICATE_METHOD_MATCH = YES;
				CODE_SIGN_IDENTITY = "iPhone Developer";
				COPY_PHASE_STRIP = NO;
				DEBUG_INFORMATION_FORMAT = "dwarf-with-dsym";
				ENABLE_NS_ASSERTIONS = NO;
				ENABLE_STRICT_OBJC_MSGSEND = YES;
				GCC_C_LANGUAGE_STANDARD = gnu11;
				GCC_NO_COMMON_BLOCKS = YES;
				GCC_WARN_64_TO_32_BIT_CONVERSION = YES;
				GCC_WARN_ABOUT_RETURN_TYPE = YES_ERROR;
				GCC_WARN_UNDECLARED_SELECTOR = YES;
				GCC_WARN_UNINITIALIZED_AUTOS = YES_AGGRESSIVE;
				GCC_WARN_UNUSED_FUNCTION = YES;
				GCC_WARN_UNUSED_VARIABLE = YES;
				IPHONEOS_DEPLOYMENT_TARGET = 11.2;
				MTL_ENABLE_DEBUG_INFO = NO;
				SDKROOT = iphoneos;
				SWIFT_OPTIMIZATION_LEVEL = "-Owholemodule";
				VALIDATE_PRODUCT = YES;
			};
			name = Release;
		};
		1437C0AA207509F500FCA384 /* Debug */ = {
			isa = XCBuildConfiguration;
			baseConfigurationReference = 762433DE62A4423A6AD518F0 /* Pods-BeeX.debug.xcconfig */;
			buildSettings = {
				ASSETCATALOG_COMPILER_APPICON_NAME = AppIcon;
				CODE_SIGN_STYLE = Automatic;
				DEVELOPMENT_TEAM = ECEL92SJA2;
				INFOPLIST_FILE = BeeX/Info.plist;
				IPHONEOS_DEPLOYMENT_TARGET = 10.0;
				LD_RUNPATH_SEARCH_PATHS = "$(inherited) @executable_path/Frameworks";
				PRODUCT_BUNDLE_IDENTIFIER = com.NourAraar.BeeX;
				PRODUCT_NAME = "$(TARGET_NAME)";
				SWIFT_VERSION = 4.0;
				TARGETED_DEVICE_FAMILY = "1,2";
			};
			name = Debug;
		};
		1437C0AB207509F500FCA384 /* Release */ = {
			isa = XCBuildConfiguration;
			baseConfigurationReference = 39B206AAF4DFE0876D36C1D6 /* Pods-BeeX.release.xcconfig */;
			buildSettings = {
				ASSETCATALOG_COMPILER_APPICON_NAME = AppIcon;
				CODE_SIGN_STYLE = Automatic;
				DEVELOPMENT_TEAM = ECEL92SJA2;
				INFOPLIST_FILE = BeeX/Info.plist;
				IPHONEOS_DEPLOYMENT_TARGET = 10.0;
				LD_RUNPATH_SEARCH_PATHS = "$(inherited) @executable_path/Frameworks";
				PRODUCT_BUNDLE_IDENTIFIER = com.NourAraar.BeeX;
				PRODUCT_NAME = "$(TARGET_NAME)";
				SWIFT_VERSION = 4.0;
				TARGETED_DEVICE_FAMILY = "1,2";
			};
			name = Release;
		};
/* End XCBuildConfiguration section */

/* Begin XCConfigurationList section */
		1437C092207509F500FCA384 /* Build configuration list for PBXProject "Teco M.E." */ = {
			isa = XCConfigurationList;
			buildConfigurations = (
				1437C0A7207509F500FCA384 /* Debug */,
				1437C0A8207509F500FCA384 /* Release */,
			);
			defaultConfigurationIsVisible = 0;
			defaultConfigurationName = Release;
		};
		1437C0A9207509F500FCA384 /* Build configuration list for PBXNativeTarget "Teco M.E." */ = {
			isa = XCConfigurationList;
			buildConfigurations = (
				1437C0AA207509F500FCA384 /* Debug */,
				1437C0AB207509F500FCA384 /* Release */,
			);
			defaultConfigurationIsVisible = 0;
			defaultConfigurationName = Release;
		};
/* End XCConfigurationList section */
	};
	rootObject = 1437C08F207509F500FCA384 /* Project object */;
}
